{
  "requires": true,
  "lockfileVersion": 1,
  "dependencies": {
    "tabulator-tables": {
      "version": "4.4.0",
      "resolved": "https://registry.npmjs.org/tabulator-tables/-/tabulator-tables-4.4.0.tgz",
      "integrity": "sha512-K+sG3AhF9bXoX5gPMQ6fEdEmj6rwhZq/P6NyU3k38Qk8WIsjN/37F5M43YG/dWljoST2EIJbRWspklnhLcDwog=="
    }
  }
}
